
Microsoft Visual Studio Solution File, Format Version 12.00
# Visual Studio 15
VisualStudioVersion = 15.0.27130.2027
MinimumVisualStudioVersion = 10.0.40219.1
Project("{A0786B88-2ADB-4C21-ABE8-AA2D79766269}") = "PHPWebProject1", "PHPWebProject1\PHPWebProject1.phpproj", "{BD87EEB1-7908-436E-BA17-527BBA6AD9DB}"
EndProject
Global
	GlobalSection(SolutionConfigurationPlatforms) = preSolution
		Debug|Any CPU = Debug|Any CPU
		Release|Any CPU = Release|Any CPU
	EndGlobalSection
	GlobalSection(ProjectConfigurationPlatforms) = postSolution
		{BD87EEB1-7908-436E-BA17-527BBA6AD9DB}.Debug|Any CPU.ActiveCfg = Debug|Any CPU
		{BD87EEB1-7908-436E-BA17-527BBA6AD9DB}.Release|Any CPU.ActiveCfg = Release|Any CPU
	EndGlobalSection
	GlobalSection(SolutionProperties) = preSolution
		HideSolutionNode = FALSE
	EndGlobalSection
	GlobalSection(ExtensibilityGlobals) = postSolution
		SolutionGuid = {40E6A22B-1E6C-4283-96B1-C1F9D2ADB518}
	EndGlobalSection
EndGlobal
